{
  "name": "coat-of-arms-v3",
  "version": "1.0.0",
  "lockfileVersion": 3,
  "requires": true,
  "packages": {
    "": {
      "name": "coat-of-arms-v3",
      "version": "1.0.0",
      "license": "ISC",
      "dependencies": {
        "paper": "^0.12.17",
        "paperjs-offset": "^1.0.8"
      },
      "devDependencies": {
        "@types/node": "^20.10.4",
        "typescript": "^5.1.6"
      }
    },
    "node_modules/@types/node": {
      "version": "20.10.4",
      "resolved": "https://registry.npmjs.org/@types/node/-/node-20.10.4.tgz",
      "integrity": "sha512-D08YG6rr8X90YB56tSIuBaddy/UXAA9RKJoFvrsnogAum/0pmjkgi4+2nx96A330FmioegBWmEYQ+syqCFaveg==",
      "dev": true,
      "dependencies": {
        "undici-types": "~5.26.4"
      }
    },
    "node_modules/paper": {
      "version": "0.12.17",
      "resolved": "https://registry.npmjs.org/paper/-/paper-0.12.17.tgz",
      "integrity": "sha512-oCe+e1C2w8hKIcGoAqUjD0GGxGPv+itrRXlEFUmp3H8tY/NTnHOkYgpJFPGw6OJ8Q1Wa6+RgzlY7Dx/2WWHtkA==",
      "engines": {
        "node": ">=8.0.0"
      }
    },
    "node_modules/paperjs-offset": {
      "version": "1.0.8",
      "resolved": "https://registry.npmjs.org/paperjs-offset/-/paperjs-offset-1.0.8.tgz",
      "integrity": "sha512-rUXMtHH4bTNVrCgDcu+x71qyGoPe+01yZtrPD7bowji4VfWiDWzl4EUdRxiZnG5ooPg7b07mk6jVx33hNSojaA==",
      "dependencies": {
        "paper": "^0.12.4"
      }
    },
    "node_modules/typescript": {
      "version": "5.1.6",
      "resolved": "https://registry.npmjs.org/typescript/-/typescript-5.1.6.tgz",
      "integrity": "sha512-zaWCozRZ6DLEWAWFrVDz1H6FVXzUSfTy5FUMWsQlU8Ym5JP9eO4xkTIROFCQvhQf61z6O/G6ugw3SgAnvvm+HA==",
      "dev": true,
      "bin": {
        "tsc": "bin/tsc",
        "tsserver": "bin/tsserver"
      },
      "engines": {
        "node": ">=14.17"
      }
    },
    "node_modules/undici-types": {
      "version": "5.26.5",
      "resolved": "https://registry.npmjs.org/undici-types/-/undici-types-5.26.5.tgz",
      "integrity": "sha512-JlCMO+ehdEIKqlFxk6IfVoAUVmgz7cU7zD/h9XZ0qzeosSHmUJVOzSQvvYSYWXkFXC+IfLKSIffhv0sVZup6pA==",
      "dev": true
    }
  }
}
